Microsoft Visual Studio Solution File, Format Version 12.00
# Visual Studio Version 16
VisualStudioVersion = 16.0.29118.114
MinimumVisualStudioVersion = 10.0.40219.1
Project("{FAE04EC0-301F-11D3-BF4B-00C04F79EFBC}") = "FlappyBird.Android", "FlappyBird.Android\FlappyBird.Android.csproj", "{1A87975A-FCF4-4E76-B42C-520759758F59}"
EndProject
Project("{FAE04EC0-301F-11D3-BF4B-00C04F79EFBC}") = "FlappyBird.iOS", "FlappyBird.iOS\FlappyBird.iOS.csproj", "{6046F8C0-94A1-4590-96E1-727BD3976481}"
EndProject
Project("{FAE04EC0-301F-11D3-BF4B-00C04F79EFBC}") = "FlappyBird.UWP", "FlappyBird.UWP\FlappyBird.UWP.csproj", "{8D2128D5-9893-4869-8F69-6AD16779AC64}"
EndProject
Project("{9A19103F-16F7-4668-BE54-9A1E7A4F7556}") = "FlappyBird", "FlappyBird\FlappyBird.csproj", "{B178E8E3-A5AD-4C98-B365-86E05EE53643}"
EndProject
Project("{FAE04EC0-301F-11D3-BF4B-00C04F79EFBC}") = "FlappyBird.macOS", "FlappyBird.macOS\FlappyBird.macOS.csproj", "{1D7EC18C-1780-4C46-8736-A3661DA20AEE}"
EndProject
Project("{9A19103F-16F7-4668-BE54-9A1E7A4F7556}") = "FlappyBird.Tizen", "FlappyBird.Tizen\FlappyBird.Tizen.csproj", "{B7066619-8AF0-4980-A83D-49A8B9007523}"
EndProject
Project("{9A19103F-16F7-4668-BE54-9A1E7A4F7556}") = "FlappyBird.WPF", "FlappyBird.WPF\FlappyBird.WPF.csproj", "{748981C3-5D0F-462A-9F56-A3C6D792ED30}"
EndProject
Project("{2150E333-8FDC-42A3-9474-1A3956D46DE8}") = "Solution Items", "Solution Items", "{4C49EAAB-1EDE-4800-8A8B-2B5123513306}"
	ProjectSection(SolutionItems) = preProject
		.editorconfig = .editorconfig
	EndProjectSection
EndProject
Project("{9A19103F-16F7-4668-BE54-9A1E7A4F7556}") = "FlappyBird.GameEngine", "FlappyBird.GameEngine\FlappyBird.GameEngine.csproj", "{BC164B0D-90BA-48C4-AAFA-F43A81A4AA44}"
EndProject
Project("{FAE04EC0-301F-11D3-BF4B-00C04F79EFBC}") = "FlappyBird.Tests", "FlappyBird.Tests\FlappyBird.Tests.csproj", "{F731C041-3F01-4DAA-BA4F-C26BC1D69350}"
EndProject
Global
	GlobalSection(SolutionConfigurationPlatforms) = preSolution
		Debug|Any CPU = Debug|Any CPU
		Debug|ARM = Debug|ARM
		Debug|ARM64 = Debug|ARM64
		Debug|iPhone = Debug|iPhone
		Debug|iPhoneSimulator = Debug|iPhoneSimulator
		Debug|x64 = Debug|x64
		Debug|x86 = Debug|x86
		Release|Any CPU = Release|Any CPU
		Release|ARM = Release|ARM
		Release|ARM64 = Release|ARM64
		Release|iPhone = Release|iPhone
		Release|iPhoneSimulator = Release|iPhoneSimulator
		Release|x64 = Release|x64
		Release|x86 = Release|x86
	EndGlobalSection
	GlobalSection(ProjectConfigurationPlatforms) = postSolution
		{1A87975A-FCF4-4E76-B42C-520759758F59}.Debug|Any CPU.ActiveCfg = Debug|Any CPU
		{1A87975A-FCF4-4E76-B42C-520759758F59}.Debug|Any CPU.Build.0 = Debug|Any CPU
		{1A87975A-FCF4-4E76-B42C-520759758F59}.Debug|Any CPU.Deploy.0 = Debug|Any CPU
		{1A87975A-FCF4-4E76-B42C-520759758F59}.Debug|ARM.ActiveCfg = Debug|Any CPU
		{1A87975A-FCF4-4E76-B42C-520759758F59}.Debug|ARM.Build.0 = Debug|Any CPU
		{1A87975A-FCF4-4E76-B42C-520759758F59}.Debug|ARM.Deploy.0 = Debug|Any CPU
		{1A87975A-FCF4-4E76-B42C-520759758F59}.Debug|ARM64.ActiveCfg = Debug|Any CPU
		{1A87975A-FCF4-4E76-B42C-520759758F59}.Debug|iPhone.ActiveCfg = Debug|Any CPU
		{1A87975A-FCF4-4E76-B42C-520759758F59}.Debug|iPhone.Build.0 = Debug|Any CPU
		{1A87975A-FCF4-4E76-B42C-520759758F59}.Debug|iPhone.Deploy.0 = Debug|Any CPU
		{1A87975A-FCF4-4E76-B42C-520759758F59}.Debug|iPhoneSimulator.ActiveCfg = Debug|Any CPU
		{1A87975A-FCF4-4E76-B42C-520759758F59}.Debug|iPhoneSimulator.Build.0 = Debug|Any CPU
		{1A87975A-FCF4-4E76-B42C-520759758F59}.Debug|iPhoneSimulator.Deploy.0 = Debug|Any CPU
		{1A87975A-FCF4-4E76-B42C-520759758F59}.Debug|x64.ActiveCfg = Debug|Any CPU
		{1A87975A-FCF4-4E76-B42C-520759758F59}.Debug|x64.Build.0 = Debug|Any CPU
		{1A87975A-FCF4-4E76-B42C-520759758F59}.Debug|x64.Deploy.0 = Debug|Any CPU
		{1A87975A-FCF4-4E76-B42C-520759758F59}.Debug|x86.ActiveCfg = Debug|Any CPU
		{1A87975A-FCF4-4E76-B42C-520759758F59}.Debug|x86.Build.0 = Debug|Any CPU
		{1A87975A-FCF4-4E76-B42C-520759758F59}.Debug|x86.Deploy.0 = Debug|Any CPU
		{1A87975A-FCF4-4E76-B42C-520759758F59}.Release|Any CPU.ActiveCfg = Release|Any CPU
		{1A87975A-FCF4-4E76-B42C-520759758F59}.Release|Any CPU.Build.0 = Release|Any CPU
		{1A87975A-FCF4-4E76-B42C-520759758F59}.Release|Any CPU.Deploy.0 = Release|Any CPU
		{1A87975A-FCF4-4E76-B42C-520759758F59}.Release|ARM.ActiveCfg = Release|Any CPU
		{1A87975A-FCF4-4E76-B42C-520759758F59}.Release|ARM.Build.0 = Release|Any CPU
		{1A87975A-FCF4-4E76-B42C-520759758F59}.Release|ARM.Deploy.0 = Release|Any CPU
		{1A87975A-FCF4-4E76-B42C-520759758F59}.Release|ARM64.ActiveCfg = Release|Any CPU
		{1A87975A-FCF4-4E76-B42C-520759758F59}.Release|iPhone.ActiveCfg = Release|Any CPU
		{1A87975A-FCF4-4E76-B42C-520759758F59}.Release|iPhone.Build.0 = Release|Any CPU
		{1A87975A-FCF4-4E76-B42C-520759758F59}.Release|iPhone.Deploy.0 = Release|Any CPU
		{1A87975A-FCF4-4E76-B42C-520759758F59}.Release|iPhoneSimulator.ActiveCfg = Release|Any CPU
		{1A87975A-FCF4-4E76-B42C-520759758F59}.Release|iPhoneSimulator.Build.0 = Release|Any CPU
		{1A87975A-FCF4-4E76-B42C-520759758F59}.Release|iPhoneSimulator.Deploy.0 = Release|Any CPU
		{1A87975A-FCF4-4E76-B42C-520759758F59}.Release|x64.ActiveCfg = Release|Any CPU
		{1A87975A-FCF4-4E76-B42C-520759758F59}.Release|x64.Build.0 = Release|Any CPU
		{1A87975A-FCF4-4E76-B42C-520759758F59}.Release|x64.Deploy.0 = Release|Any CPU
		{1A87975A-FCF4-4E76-B42C-520759758F59}.Release|x86.ActiveCfg = Release|Any CPU
		{1A87975A-FCF4-4E76-B42C-520759758F59}.Release|x86.Build.0 = Release|Any CPU
		{1A87975A-FCF4-4E76-B42C-520759758F59}.Release|x86.Deploy.0 = Release|Any CPU
		{6046F8C0-94A1-4590-96E1-727BD3976481}.Debug|Any CPU.ActiveCfg = Debug|iPhoneSimulator
		{6046F8C0-94A1-4590-96E1-727BD3976481}.Debug|Any CPU.Build.0 = Debug|iPhoneSimulator
		{6046F8C0-94A1-4590-96E1-727BD3976481}.Debug|ARM.ActiveCfg = Debug|iPhone
		{6046F8C0-94A1-4590-96E1-727BD3976481}.Debug|ARM.Build.0 = Debug|iPhone
		{6046F8C0-94A1-4590-96E1-727BD3976481}.Debug|ARM64.ActiveCfg = Debug|iPhone
		{6046F8C0-94A1-4590-96E1-727BD3976481}.Debug|iPhone.ActiveCfg = Debug|iPhone
		{6046F8C0-94A1-4590-96E1-727BD3976481}.Debug|iPhone.Build.0 = Debug|iPhone
		{6046F8C0-94A1-4590-96E1-727BD3976481}.Debug|iPhoneSimulator.ActiveCfg = Debug|iPhoneSimulator
		{6046F8C0-94A1-4590-96E1-727BD3976481}.Debug|iPhoneSimulator.Build.0 = Debug|iPhoneSimulator
		{6046F8C0-94A1-4590-96E1-727BD3976481}.Debug|x64.ActiveCfg = Debug|iPhoneSimulator
		{6046F8C0-94A1-4590-96E1-727BD3976481}.Debug|x64.Build.0 = Debug|iPhoneSimulator
		{6046F8C0-94A1-4590-96E1-727BD3976481}.Debug|x86.ActiveCfg = Debug|iPhoneSimulator
		{6046F8C0-94A1-4590-96E1-727BD3976481}.Debug|x86.Build.0 = Debug|iPhoneSimulator
		{6046F8C0-94A1-4590-96E1-727BD3976481}.Release|Any CPU.ActiveCfg = Release|iPhoneSimulator
		{6046F8C0-94A1-4590-96E1-727BD3976481}.Release|Any CPU.Build.0 = Release|iPhoneSimulator
		{6046F8C0-94A1-4590-96E1-727BD3976481}.Release|ARM.ActiveCfg = Release|iPhone
		{6046F8C0-94A1-4590-96E1-727BD3976481}.Release|ARM.Build.0 = Release|iPhone
		{6046F8C0-94A1-4590-96E1-727BD3976481}.Release|ARM64.ActiveCfg = Release|iPhone
		{6046F8C0-94A1-4590-96E1-727BD3976481}.Release|iPhone.ActiveCfg = Release|iPhone
		{6046F8C0-94A1-4590-96E1-727BD3976481}.Release|iPhone.Build.0 = Release|iPhone
		{6046F8C0-94A1-4590-96E1-727BD3976481}.Release|iPhoneSimulator.ActiveCfg = Release|iPhoneSimulator
		{6046F8C0-94A1-4590-96E1-727BD3976481}.Release|iPhoneSimulator.Build.0 = Release|iPhoneSimulator
		{6046F8C0-94A1-4590-96E1-727BD3976481}.Release|x64.ActiveCfg = Release|iPhoneSimulator
		{6046F8C0-94A1-4590-96E1-727BD3976481}.Release|x64.Build.0 = Release|iPhoneSimulator
		{6046F8C0-94A1-4590-96E1-727BD3976481}.Release|x86.ActiveCfg = Release|iPhoneSimulator
		{6046F8C0-94A1-4590-96E1-727BD3976481}.Release|x86.Build.0 = Release|iPhoneSimulator
		{8D2128D5-9893-4869-8F69-6AD16779AC64}.Debug|Any CPU.ActiveCfg = Debug|x86
		{8D2128D5-9893-4869-8F69-6AD16779AC64}.Debug|Any CPU.Build.0 = Debug|x86
		{8D2128D5-9893-4869-8F69-6AD16779AC64}.Debug|Any CPU.Deploy.0 = Debug|x86
		{8D2128D5-9893-4869-8F69-6AD16779AC64}.Debug|ARM.ActiveCfg = Debug|ARM
		{8D2128D5-9893-4869-8F69-6AD16779AC64}.Debug|ARM.Build.0 = Debug|ARM
		{8D2128D5-9893-4869-8F69-6AD16779AC64}.Debug|ARM.Deploy.0 = Debug|ARM
		{8D2128D5-9893-4869-8F69-6AD16779AC64}.Debug|ARM64.ActiveCfg = Debug|x86
		{8D2128D5-9893-4869-8F69-6AD16779AC64}.Debug|iPhone.ActiveCfg = Debug|ARM
		{8D2128D5-9893-4869-8F69-6AD16779AC64}.Debug|iPhone.Build.0 = Debug|ARM
		{8D2128D5-9893-4869-8F69-6AD16779AC64}.Debug|iPhone.Deploy.0 = Debug|ARM
		{8D2128D5-9893-4869-8F69-6AD16779AC64}.Debug|iPhoneSimulator.ActiveCfg = Debug|x86
		{8D2128D5-9893-4869-8F69-6AD16779AC64}.Debug|iPhoneSimulator.Build.0 = Debug|x86
		{8D2128D5-9893-4869-8F69-6AD16779AC64}.Debug|iPhoneSimulator.Deploy.0 = Debug|x86
		{8D2128D5-9893-4869-8F69-6AD16779AC64}.Debug|x64.ActiveCfg = Debug|x64
		{8D2128D5-9893-4869-8F69-6AD16779AC64}.Debug|x64.Build.0 = Debug|x64
		{8D2128D5-9893-4869-8F69-6AD16779AC64}.Debug|x64.Deploy.0 = Debug|x64
		{8D2128D5-9893-4869-8F69-6AD16779AC64}.Debug|x86.ActiveCfg = Debug|x86
		{8D2128D5-9893-4869-8F69-6AD16779AC64}.Debug|x86.Build.0 = Debug|x86
		{8D2128D5-9893-4869-8F69-6AD16779AC64}.Debug|x86.Deploy.0 = Debug|x86
		{8D2128D5-9893-4869-8F69-6AD16779AC64}.Release|Any CPU.ActiveCfg = Release|x86
		{8D2128D5-9893-4869-8F69-6AD16779AC64}.Release|Any CPU.Build.0 = Release|x86
		{8D2128D5-9893-4869-8F69-6AD16779AC64}.Release|Any CPU.Deploy.0 = Release|x86
		{8D2128D5-9893-4869-8F69-6AD16779AC64}.Release|ARM.ActiveCfg = Release|ARM
		{8D2128D5-9893-4869-8F69-6AD16779AC64}.Release|ARM.Build.0 = Release|ARM
		{8D2128D5-9893-4869-8F69-6AD16779AC64}.Release|ARM.Deploy.0 = Release|ARM
		{8D2128D5-9893-4869-8F69-6AD16779AC64}.Release|ARM64.ActiveCfg = Release|x86
		{8D2128D5-9893-4869-8F69-6AD16779AC64}.Release|iPhone.ActiveCfg = Release|ARM
		{8D2128D5-9893-4869-8F69-6AD16779AC64}.Release|iPhone.Build.0 = Release|ARM
		{8D2128D5-9893-4869-8F69-6AD16779AC64}.Release|iPhone.Deploy.0 = Release|ARM
		{8D2128D5-9893-4869-8F69-6AD16779AC64}.Release|iPhoneSimulator.ActiveCfg = Release|x86
		{8D2128D5-9893-4869-8F69-6AD16779AC64}.Release|iPhoneSimulator.Build.0 = Release|x86
		{8D2128D5-9893-4869-8F69-6AD16779AC64}.Release|iPhoneSimulator.Deploy.0 = Release|x86
		{8D2128D5-9893-4869-8F69-6AD16779AC64}.Release|x64.ActiveCfg = Release|x64
		{8D2128D5-9893-4869-8F69-6AD16779AC64}.Release|x64.Build.0 = Release|x64
		{8D2128D5-9893-4869-8F69-6AD16779AC64}.Release|x64.Deploy.0 = Release|x64
		{8D2128D5-9893-4869-8F69-6AD16779AC64}.Release|x86.ActiveCfg = Release|x86
		{8D2128D5-9893-4869-8F69-6AD16779AC64}.Release|x86.Build.0 = Release|x86
		{8D2128D5-9893-4869-8F69-6AD16779AC64}.Release|x86.Deploy.0 = Release|x86
		{B178E8E3-A5AD-4C98-B365-86E05EE53643}.Debug|Any CPU.ActiveCfg = Debug|Any CPU
		{B178E8E3-A5AD-4C98-B365-86E05EE53643}.Debug|Any CPU.Build.0 = Debug|Any CPU
		{B178E8E3-A5AD-4C98-B365-86E05EE53643}.Debug|ARM.ActiveCfg = Debug|Any CPU
		{B178E8E3-A5AD-4C98-B365-86E05EE53643}.Debug|ARM.Build.0 = Debug|Any CPU
		{B178E8E3-A5AD-4C98-B365-86E05EE53643}.Debug|ARM64.ActiveCfg = Debug|Any CPU
		{B178E8E3-A5AD-4C98-B365-86E05EE53643}.Debug|ARM64.Build.0 = Debug|Any CPU
		{B178E8E3-A5AD-4C98-B365-86E05EE53643}.Debug|iPhone.ActiveCfg = Debug|Any CPU
		{B178E8E3-A5AD-4C98-B365-86E05EE53643}.Debug|iPhone.Build.0 = Debug|Any CPU
		{B178E8E3-A5AD-4C98-B365-86E05EE53643}.Debug|iPhoneSimulator.ActiveCfg = Debug|Any CPU
		{B178E8E3-A5AD-4C98-B365-86E05EE53643}.Debug|iPhoneSimulator.Build.0 = Debug|Any CPU
		{B178E8E3-A5AD-4C98-B365-86E05EE53643}.Debug|x64.ActiveCfg = Debug|Any CPU
		{B178E8E3-A5AD-4C98-B365-86E05EE53643}.Debug|x64.Build.0 = Debug|Any CPU
		{B178E8E3-A5AD-4C98-B365-86E05EE53643}.Debug|x86.ActiveCfg = Debug|Any CPU
		{B178E8E3-A5AD-4C98-B365-86E05EE53643}.Debug|x86.Build.0 = Debug|Any CPU
		{B178E8E3-A5AD-4C98-B365-86E05EE53643}.Release|Any CPU.ActiveCfg = Release|Any CPU
		{B178E8E3-A5AD-4C98-B365-86E05EE53643}.Release|Any CPU.Build.0 = Release|Any CPU
		{B178E8E3-A5AD-4C98-B365-86E05EE53643}.Release|ARM.ActiveCfg = Release|Any CPU
		{B178E8E3-A5AD-4C98-B365-86E05EE53643}.Release|ARM.Build.0 = Release|Any CPU
		{B178E8E3-A5AD-4C98-B365-86E05EE53643}.Release|ARM64.ActiveCfg = Release|Any CPU
		{B178E8E3-A5AD-4C98-B365-86E05EE53643}.Release|ARM64.Build.0 = Release|Any CPU
		{B178E8E3-A5AD-4C98-B365-86E05EE53643}.Release|iPhone.ActiveCfg = Release|Any CPU
		{B178E8E3-A5AD-4C98-B365-86E05EE53643}.Release|iPhone.Build.0 = Release|Any CPU
		{B178E8E3-A5AD-4C98-B365-86E05EE53643}.Release|iPhoneSimulator.ActiveCfg = Release|Any CPU
		{B178E8E3-A5AD-4C98-B365-86E05EE53643}.Release|iPhoneSimulator.Build.0 = Release|Any CPU
		{B178E8E3-A5AD-4C98-B365-86E05EE53643}.Release|x64.ActiveCfg = Release|Any CPU
		{B178E8E3-A5AD-4C98-B365-86E05EE53643}.Release|x64.Build.0 = Release|Any CPU
		{B178E8E3-A5AD-4C98-B365-86E05EE53643}.Release|x86.ActiveCfg = Release|Any CPU
		{B178E8E3-A5AD-4C98-B365-86E05EE53643}.Release|x86.Build.0 = Release|Any CPU
		{1D7EC18C-1780-4C46-8736-A3661DA20AEE}.Debug|Any CPU.ActiveCfg = Debug|Any CPU
		{1D7EC18C-1780-4C46-8736-A3661DA20AEE}.Debug|Any CPU.Build.0 = Debug|Any CPU
		{1D7EC18C-1780-4C46-8736-A3661DA20AEE}.Debug|ARM.ActiveCfg = Debug|Any CPU
		{1D7EC18C-1780-4C46-8736-A3661DA20AEE}.Debug|ARM.Build.0 = Debug|Any CPU
		{1D7EC18C-1780-4C46-8736-A3661DA20AEE}.Debug|ARM64.ActiveCfg = Debug|Any CPU
		{1D7EC18C-1780-4C46-8736-A3661DA20AEE}.Debug|iPhone.ActiveCfg = Debug|Any CPU
		{1D7EC18C-1780-4C46-8736-A3661DA20AEE}.Debug|iPhone.Build.0 = Debug|Any CPU
		{1D7EC18C-1780-4C46-8736-A3661DA20AEE}.Debug|iPhoneSimulator.ActiveCfg = Debug|Any CPU
		{1D7EC18C-1780-4C46-8736-A3661DA20AEE}.Debug|iPhoneSimulator.Build.0 = Debug|Any CPU
		{1D7EC18C-1780-4C46-8736-A3661DA20AEE}.Debug|x64.ActiveCfg = Debug|Any CPU
		{1D7EC18C-1780-4C46-8736-A3661DA20AEE}.Debug|x64.Build.0 = Debug|Any CPU
		{1D7EC18C-1780-4C46-8736-A3661DA20AEE}.Debug|x86.ActiveCfg = Debug|Any CPU
		{1D7EC18C-1780-4C46-8736-A3661DA20AEE}.Debug|x86.Build.0 = Debug|Any CPU
		{1D7EC18C-1780-4C46-8736-A3661DA20AEE}.Release|Any CPU.ActiveCfg = Release|Any CPU
		{1D7EC18C-1780-4C46-8736-A3661DA20AEE}.Release|Any CPU.Build.0 = Release|Any CPU
		{1D7EC18C-1780-4C46-8736-A3661DA20AEE}.Release|ARM.ActiveCfg = Release|Any CPU
		{1D7EC18C-1780-4C46-8736-A3661DA20AEE}.Release|ARM.Build.0 = Release|Any CPU
		{1D7EC18C-1780-4C46-8736-A3661DA20AEE}.Release|ARM64.ActiveCfg = Release|Any CPU
		{1D7EC18C-1780-4C46-8736-A3661DA20AEE}.Release|iPhone.ActiveCfg = Release|Any CPU
		{1D7EC18C-1780-4C46-8736-A3661DA20AEE}.Release|iPhone.Build.0 = Release|Any CPU
		{1D7EC18C-1780-4C46-8736-A3661DA20AEE}.Release|iPhoneSimulator.ActiveCfg = Release|Any CPU
		{1D7EC18C-1780-4C46-8736-A3661DA20AEE}.Release|iPhoneSimulator.Build.0 = Release|Any CPU
		{1D7EC18C-1780-4C46-8736-A3661DA20AEE}.Release|x64.ActiveCfg = Release|Any CPU
		{1D7EC18C-1780-4C46-8736-A3661DA20AEE}.Release|x64.Build.0 = Release|Any CPU
		{1D7EC18C-1780-4C46-8736-A3661DA20AEE}.Release|x86.ActiveCfg = Release|Any CPU
		{1D7EC18C-1780-4C46-8736-A3661DA20AEE}.Release|x86.Build.0 = Release|Any CPU
		{B7066619-8AF0-4980-A83D-49A8B9007523}.Debug|Any CPU.ActiveCfg = Debug|Any CPU
		{B7066619-8AF0-4980-A83D-49A8B9007523}.Debug|Any CPU.Build.0 = Debug|Any CPU
		{B7066619-8AF0-4980-A83D-49A8B9007523}.Debug|ARM.ActiveCfg = Debug|Any CPU
		{B7066619-8AF0-4980-A83D-49A8B9007523}.Debug|ARM.Build.0 = Debug|Any CPU
		{B7066619-8AF0-4980-A83D-49A8B9007523}.Debug|ARM64.ActiveCfg = Debug|Any CPU
		{B7066619-8AF0-4980-A83D-49A8B9007523}.Debug|iPhone.ActiveCfg = Debug|Any CPU
		{B7066619-8AF0-4980-A83D-49A8B9007523}.Debug|iPhone.Build.0 = Debug|Any CPU
		{B7066619-8AF0-4980-A83D-49A8B9007523}.Debug|iPhoneSimulator.ActiveCfg = Debug|Any CPU
		{B7066619-8AF0-4980-A83D-49A8B9007523}.Debug|iPhoneSimulator.Build.0 = Debug|Any CPU
		{B7066619-8AF0-4980-A83D-49A8B9007523}.Debug|x64.ActiveCfg = Debug|Any CPU
		{B7066619-8AF0-4980-A83D-49A8B9007523}.Debug|x64.Build.0 = Debug|Any CPU
		{B7066619-8AF0-4980-A83D-49A8B9007523}.Debug|x86.ActiveCfg = Debug|Any CPU
		{B7066619-8AF0-4980-A83D-49A8B9007523}.Debug|x86.Build.0 = Debug|Any CPU
		{B7066619-8AF0-4980-A83D-49A8B9007523}.Release|Any CPU.ActiveCfg = Release|Any CPU
		{B7066619-8AF0-4980-A83D-49A8B9007523}.Release|Any CPU.Build.0 = Release|Any CPU
		{B7066619-8AF0-4980-A83D-49A8B9007523}.Release|ARM.ActiveCfg = Release|Any CPU
		{B7066619-8AF0-4980-A83D-49A8B9007523}.Release|ARM.Build.0 = Release|Any CPU
		{B7066619-8AF0-4980-A83D-49A8B9007523}.Release|ARM64.ActiveCfg = Release|Any CPU
		{B7066619-8AF0-4980-A83D-49A8B9007523}.Release|iPhone.ActiveCfg = Release|Any CPU
		{B7066619-8AF0-4980-A83D-49A8B9007523}.Release|iPhone.Build.0 = Release|Any CPU
		{B7066619-8AF0-4980-A83D-49A8B9007523}.Release|iPhoneSimulator.ActiveCfg = Release|Any CPU
		{B7066619-8AF0-4980-A83D-49A8B9007523}.Release|iPhoneSimulator.Build.0 = Release|Any CPU
		{B7066619-8AF0-4980-A83D-49A8B9007523}.Release|x64.ActiveCfg = Release|Any CPU
		{B7066619-8AF0-4980-A83D-49A8B9007523}.Release|x64.Build.0 = Release|Any CPU
		{B7066619-8AF0-4980-A83D-49A8B9007523}.Release|x86.ActiveCfg = Release|Any CPU
		{B7066619-8AF0-4980-A83D-49A8B9007523}.Release|x86.Build.0 = Release|Any CPU
		{748981C3-5D0F-462A-9F56-A3C6D792ED30}.Debug|Any CPU.ActiveCfg = Debug|Any CPU
		{748981C3-5D0F-462A-9F56-A3C6D792ED30}.Debug|Any CPU.Build.0 = Debug|Any CPU
		{748981C3-5D0F-462A-9F56-A3C6D792ED30}.Debug|ARM.ActiveCfg = Debug|Any CPU
		{748981C3-5D0F-462A-9F56-A3C6D792ED30}.Debug|ARM.Build.0 = Debug|Any CPU
		{748981C3-5D0F-462A-9F56-A3C6D792ED30}.Debug|ARM64.ActiveCfg = Debug|Any CPU
		{748981C3-5D0F-462A-9F56-A3C6D792ED30}.Debug|iPhone.ActiveCfg = Debug|Any CPU
		{748981C3-5D0F-462A-9F56-A3C6D792ED30}.Debug|iPhone.Build.0 = Debug|Any CPU
		{748981C3-5D0F-462A-9F56-A3C6D792ED30}.Debug|iPhoneSimulator.ActiveCfg = Debug|Any CPU
		{748981C3-5D0F-462A-9F56-A3C6D792ED30}.Debug|iPhoneSimulator.Build.0 = Debug|Any CPU
		{748981C3-5D0F-462A-9F56-A3C6D792ED30}.Debug|x64.ActiveCfg = Debug|Any CPU
		{748981C3-5D0F-462A-9F56-A3C6D792ED30}.Debug|x64.Build.0 = Debug|Any CPU
		{748981C3-5D0F-462A-9F56-A3C6D792ED30}.Debug|x86.ActiveCfg = Debug|Any CPU
		{748981C3-5D0F-462A-9F56-A3C6D792ED30}.Debug|x86.Build.0 = Debug|Any CPU
		{748981C3-5D0F-462A-9F56-A3C6D792ED30}.Release|Any CPU.ActiveCfg = Release|Any CPU
		{748981C3-5D0F-462A-9F56-A3C6D792ED30}.Release|Any CPU.Build.0 = Release|Any CPU
		{748981C3-5D0F-462A-9F56-A3C6D792ED30}.Release|ARM.ActiveCfg = Release|Any CPU
		{748981C3-5D0F-462A-9F56-A3C6D792ED30}.Release|ARM.Build.0 = Release|Any CPU
		{748981C3-5D0F-462A-9F56-A3C6D792ED30}.Release|ARM64.ActiveCfg = Release|Any CPU
		{748981C3-5D0F-462A-9F56-A3C6D792ED30}.Release|iPhone.ActiveCfg = Release|Any CPU
		{748981C3-5D0F-462A-9F56-A3C6D792ED30}.Release|iPhone.Build.0 = Release|Any CPU
		{748981C3-5D0F-462A-9F56-A3C6D792ED30}.Release|iPhoneSimulator.ActiveCfg = Release|Any CPU
		{748981C3-5D0F-462A-9F56-A3C6D792ED30}.Release|iPhoneSimulator.Build.0 = Release|Any CPU
		{748981C3-5D0F-462A-9F56-A3C6D792ED30}.Release|x64.ActiveCfg = Release|Any CPU
		{748981C3-5D0F-462A-9F56-A3C6D792ED30}.Release|x64.Build.0 = Release|Any CPU
		{748981C3-5D0F-462A-9F56-A3C6D792ED30}.Release|x86.ActiveCfg = Release|Any CPU
		{748981C3-5D0F-462A-9F56-A3C6D792ED30}.Release|x86.Build.0 = Release|Any CPU
		{BC164B0D-90BA-48C4-AAFA-F43A81A4AA44}.Debug|Any CPU.ActiveCfg = Debug|Any CPU
		{BC164B0D-90BA-48C4-AAFA-F43A81A4AA44}.Debug|Any CPU.Build.0 = Debug|Any CPU
		{BC164B0D-90BA-48C4-AAFA-F43A81A4AA44}.Debug|ARM.ActiveCfg = Debug|Any CPU
		{BC164B0D-90BA-48C4-AAFA-F43A81A4AA44}.Debug|ARM.Build.0 = Debug|Any CPU
		{BC164B0D-90BA-48C4-AAFA-F43A81A4AA44}.Debug|ARM64.ActiveCfg = Debug|Any CPU
		{BC164B0D-90BA-48C4-AAFA-F43A81A4AA44}.Debug|ARM64.Build.0 = Debug|Any CPU
		{BC164B0D-90BA-48C4-AAFA-F43A81A4AA44}.Debug|iPhone.ActiveCfg = Debug|Any CPU
		{BC164B0D-90BA-48C4-AAFA-F43A81A4AA44}.Debug|iPhone.Build.0 = Debug|Any CPU
		{BC164B0D-90BA-48C4-AAFA-F43A81A4AA44}.Debug|iPhoneSimulator.ActiveCfg = Debug|Any CPU
		{BC164B0D-90BA-48C4-AAFA-F43A81A4AA44}.Debug|iPhoneSimulator.Build.0 = Debug|Any CPU
		{BC164B0D-90BA-48C4-AAFA-F43A81A4AA44}.Debug|x64.ActiveCfg = Debug|Any CPU
		{BC164B0D-90BA-48C4-AAFA-F43A81A4AA44}.Debug|x64.Build.0 = Debug|Any CPU
		{BC164B0D-90BA-48C4-AAFA-F43A81A4AA44}.Debug|x86.ActiveCfg = Debug|Any CPU
		{BC164B0D-90BA-48C4-AAFA-F43A81A4AA44}.Debug|x86.Build.0 = Debug|Any CPU
		{BC164B0D-90BA-48C4-AAFA-F43A81A4AA44}.Release|Any CPU.ActiveCfg = Release|Any CPU
		{BC164B0D-90BA-48C4-AAFA-F43A81A4AA44}.Release|Any CPU.Build.0 = Release|Any CPU
		{BC164B0D-90BA-48C4-AAFA-F43A81A4AA44}.Release|ARM.ActiveCfg = Release|Any CPU
		{BC164B0D-90BA-48C4-AAFA-F43A81A4AA44}.Release|ARM.Build.0 = Release|Any CPU
		{BC164B0D-90BA-48C4-AAFA-F43A81A4AA44}.Release|ARM64.ActiveCfg = Release|Any CPU
		{BC164B0D-90BA-48C4-AAFA-F43A81A4AA44}.Release|ARM64.Build.0 = Release|Any CPU
		{BC164B0D-90BA-48C4-AAFA-F43A81A4AA44}.Release|iPhone.ActiveCfg = Release|Any CPU
		{BC164B0D-90BA-48C4-AAFA-F43A81A4AA44}.Release|iPhone.Build.0 = Release|Any CPU
		{BC164B0D-90BA-48C4-AAFA-F43A81A4AA44}.Release|iPhoneSimulator.ActiveCfg = Release|Any CPU
		{BC164B0D-90BA-48C4-AAFA-F43A81A4AA44}.Release|iPhoneSimulator.Build.0 = Release|Any CPU
		{BC164B0D-90BA-48C4-AAFA-F43A81A4AA44}.Release|x64.ActiveCfg = Release|Any CPU
		{BC164B0D-90BA-48C4-AAFA-F43A81A4AA44}.Release|x64.Build.0 = Release|Any CPU
		{BC164B0D-90BA-48C4-AAFA-F43A81A4AA44}.Release|x86.ActiveCfg = Release|Any CPU
		{BC164B0D-90BA-48C4-AAFA-F43A81A4AA44}.Release|x86.Build.0 = Release|Any CPU
		{F731C041-3F01-4DAA-BA4F-C26BC1D69350}.Debug|Any CPU.ActiveCfg = Debug|Any CPU
		{F731C041-3F01-4DAA-BA4F-C26BC1D69350}.Debug|Any CPU.Build.0 = Debug|Any CPU
		{F731C041-3F01-4DAA-BA4F-C26BC1D69350}.Debug|ARM.ActiveCfg = Debug|Any CPU
		{F731C041-3F01-4DAA-BA4F-C26BC1D69350}.Debug|ARM.Build.0 = Debug|Any CPU
		{F731C041-3F01-4DAA-BA4F-C26BC1D69350}.Debug|ARM64.ActiveCfg = Debug|Any CPU
		{F731C041-3F01-4DAA-BA4F-C26BC1D69350}.Debug|ARM64.Build.0 = Debug|Any CPU
		{F731C041-3F01-4DAA-BA4F-C26BC1D69350}.Debug|iPhone.ActiveCfg = Debug|Any CPU
		{F731C041-3F01-4DAA-BA4F-C26BC1D69350}.Debug|iPhone.Build.0 = Debug|Any CPU
		{F731C041-3F01-4DAA-BA4F-C26BC1D69350}.Debug|iPhoneSimulator.ActiveCfg = Debug|Any CPU
		{F731C041-3F01-4DAA-BA4F-C26BC1D69350}.Debug|iPhoneSimulator.Build.0 = Debug|Any CPU
		{F731C041-3F01-4DAA-BA4F-C26BC1D69350}.Debug|x64.ActiveCfg = Debug|Any CPU
		{F731C041-3F01-4DAA-BA4F-C26BC1D69350}.Debug|x64.Build.0 = Debug|Any CPU
		{F731C041-3F01-4DAA-BA4F-C26BC1D69350}.Debug|x86.ActiveCfg = Debug|Any CPU
		{F731C041-3F01-4DAA-BA4F-C26BC1D69350}.Debug|x86.Build.0 = Debug|Any CPU
		{F731C041-3F01-4DAA-BA4F-C26BC1D69350}.Release|Any CPU.ActiveCfg = Release|Any CPU
		{F731C041-3F01-4DAA-BA4F-C26BC1D69350}.Release|Any CPU.Build.0 = Release|Any CPU
		{F731C041-3F01-4DAA-BA4F-C26BC1D69350}.Release|ARM.ActiveCfg = Release|Any CPU
		{F731C041-3F01-4DAA-BA4F-C26BC1D69350}.Release|ARM.Build.0 = Release|Any CPU
		{F731C041-3F01-4DAA-BA4F-C26BC1D69350}.Release|ARM64.ActiveCfg = Release|Any CPU
		{F731C041-3F01-4DAA-BA4F-C26BC1D69350}.Release|ARM64.Build.0 = Release|Any CPU
		{F731C041-3F01-4DAA-BA4F-C26BC1D69350}.Release|iPhone.ActiveCfg = Release|Any CPU
		{F731C041-3F01-4DAA-BA4F-C26BC1D69350}.Release|iPhone.Build.0 = Release|Any CPU
		{F731C041-3F01-4DAA-BA4F-C26BC1D69350}.Release|iPhoneSimulator.ActiveCfg = Release|Any CPU
		{F731C041-3F01-4DAA-BA4F-C26BC1D69350}.Release|iPhoneSimulator.Build.0 = Release|Any CPU
		{F731C041-3F01-4DAA-BA4F-C26BC1D69350}.Release|x64.ActiveCfg = Release|Any CPU
		{F731C041-3F01-4DAA-BA4F-C26BC1D69350}.Release|x64.Build.0 = Release|Any CPU
		{F731C041-3F01-4DAA-BA4F-C26BC1D69350}.Release|x86.ActiveCfg = Release|Any CPU
		{F731C041-3F01-4DAA-BA4F-C26BC1D69350}.Release|x86.Build.0 = Release|Any CPU
	EndGlobalSection
	GlobalSection(SolutionProperties) = preSolution
		HideSolutionNode = FALSE
	EndGlobalSection
	GlobalSection(ExtensibilityGlobals) = postSolution
		SolutionGuid = {67EACD19-0CEA-4127-9842-549AA6FB84C9}
	EndGlobalSection
EndGlobal
